
Microsoft Visual Studio Solution File, Format Version 12.00
# Visual Studio Version 16
VisualStudioVersion = 16.0.29827.131
MinimumVisualStudioVersion = 10.0.40219.1
Project("{8BC9CEB8-8B4A-11D0-8D11-00A0C91BC942}") = "15", "15\15.vcxproj", "{DB31C2F7-A83E-41C8-81B2-E685DF7F4DAF}"
EndProject
Project("{8BC9CEB8-8B4A-11D0-8D11-00A0C91BC942}") = "Pong_1", "Pong_1\Pong_1.vcxproj", "{D4CD8885-2209-4549-9897-29449C0A9E60}"
EndProject
Project("{8BC9CEB8-8B4A-11D0-8D11-00A0C91BC942}") = "3D_SHUTER_1", "3D_SHUTER_1\3D_SHUTER_1.vcxproj", "{A510C35A-EE56-447E-8E18-72BA7FEC8A6C}"
EndProject
Global
	GlobalSection(SolutionConfigurationPlatforms) = preSolution
		Debug|x64 = Debug|x64
		Debug|x86 = Debug|x86
		Release|x64 = Release|x64
		Release|x86 = Release|x86
	EndGlobalSection
	GlobalSection(ProjectConfigurationPlatforms) = postSolution
		{DB31C2F7-A83E-41C8-81B2-E685DF7F4DAF}.Debug|x64.ActiveCfg = Debug|x64
		{DB31C2F7-A83E-41C8-81B2-E685DF7F4DAF}.Debug|x64.Build.0 = Debug|x64
		{DB31C2F7-A83E-41C8-81B2-E685DF7F4DAF}.Debug|x86.ActiveCfg = Debug|Win32
		{DB31C2F7-A83E-41C8-81B2-E685DF7F4DAF}.Debug|x86.Build.0 = Debug|Win32
		{DB31C2F7-A83E-41C8-81B2-E685DF7F4DAF}.Release|x64.ActiveCfg = Release|x64
		{DB31C2F7-A83E-41C8-81B2-E685DF7F4DAF}.Release|x64.Build.0 = Release|x64
		{DB31C2F7-A83E-41C8-81B2-E685DF7F4DAF}.Release|x86.ActiveCfg = Release|Win32
		{DB31C2F7-A83E-41C8-81B2-E685DF7F4DAF}.Release|x86.Build.0 = Release|Win32
		{D4CD8885-2209-4549-9897-29449C0A9E60}.Debug|x64.ActiveCfg = Debug|x64
		{D4CD8885-2209-4549-9897-29449C0A9E60}.Debug|x64.Build.0 = Debug|x64
		{D4CD8885-2209-4549-9897-29449C0A9E60}.Debug|x86.ActiveCfg = Debug|Win32
		{D4CD8885-2209-4549-9897-29449C0A9E60}.Debug|x86.Build.0 = Debug|Win32
		{D4CD8885-2209-4549-9897-29449C0A9E60}.Release|x64.ActiveCfg = Release|x64
		{D4CD8885-2209-4549-9897-29449C0A9E60}.Release|x64.Build.0 = Release|x64
		{D4CD8885-2209-4549-9897-29449C0A9E60}.Release|x86.ActiveCfg = Release|Win32
		{D4CD8885-2209-4549-9897-29449C0A9E60}.Release|x86.Build.0 = Release|Win32
		{A510C35A-EE56-447E-8E18-72BA7FEC8A6C}.Debug|x64.ActiveCfg = Debug|x64
		{A510C35A-EE56-447E-8E18-72BA7FEC8A6C}.Debug|x64.Build.0 = Debug|x64
		{A510C35A-EE56-447E-8E18-72BA7FEC8A6C}.Debug|x86.ActiveCfg = Debug|Win32
		{A510C35A-EE56-447E-8E18-72BA7FEC8A6C}.Debug|x86.Build.0 = Debug|Win32
		{A510C35A-EE56-447E-8E18-72BA7FEC8A6C}.Release|x64.ActiveCfg = Release|x64
		{A510C35A-EE56-447E-8E18-72BA7FEC8A6C}.Release|x64.Build.0 = Release|x64
		{A510C35A-EE56-447E-8E18-72BA7FEC8A6C}.Release|x86.ActiveCfg = Release|Win32
		{A510C35A-EE56-447E-8E18-72BA7FEC8A6C}.Release|x86.Build.0 = Release|Win32
	EndGlobalSection
	GlobalSection(SolutionProperties) = preSolution
		HideSolutionNode = FALSE
	EndGlobalSection
	GlobalSection(ExtensibilityGlobals) = postSolution
		SolutionGuid = {987F43A0-B1D9-4DFF-9A89-215548FB6614}
	EndGlobalSection
EndGlobal
